
Microsoft Visual Studio Solution File, Format Version 12.00
# Visual Studio Version 17
VisualStudioVersion = 17.8.34330.188
MinimumVisualStudioVersion = 10.0.40219.1
Project("{FAE04EC0-301F-11D3-BF4B-00C04F79EFBC}") = "AlcoView", "AlcoView\AlcoView.csproj", "{4E38942E-7060-409E-AEF2-974AB4E843AE}"
EndProject
Global
	GlobalSection(SolutionConfigurationPlatforms) = preSolution
		Debug|Any CPU = Debug|Any CPU
		Release|Any CPU = Release|Any CPU
	EndGlobalSection
	GlobalSection(ProjectConfigurationPlatforms) = postSolution
		{4E38942E-7060-409E-AEF2-974AB4E843AE}.Debug|Any CPU.ActiveCfg = Debug|Any CPU
		{4E38942E-7060-409E-AEF2-974AB4E843AE}.Debug|Any CPU.Build.0 = Debug|Any CPU
		{4E38942E-7060-409E-AEF2-974AB4E843AE}.Release|Any CPU.ActiveCfg = Release|Any CPU
		{4E38942E-7060-409E-AEF2-974AB4E843AE}.Release|Any CPU.Build.0 = Release|Any CPU
	EndGlobalSection
	GlobalSection(SolutionProperties) = preSolution
		HideSolutionNode = FALSE
	EndGlobalSection
	GlobalSection(ExtensibilityGlobals) = postSolution
		SolutionGuid = {046B1F87-BF07-4A22-8ACA-8FC0C69A9592}
	EndGlobalSection
EndGlobal
